github.com/gitMenv/UEcastoc v0.0.0-20220728211119-12b5ad3ace13 h1:H3SSCCUOlNAN6qg/eawwDrQ21IDMy9e5F6+U1CAcffY=
github.com/gitMenv/UEcastoc v0.0.0-20220728211119-12b5ad3ace13/go.mod h1:QmDyxlZopNnd+1OfjRr0pPLgB/lTamOg8aQyDRa+X/M=
github.com/gitMenv/UEcastoc v0.0.0-20220918154103-a9371b9f5f8f h1:5Sb3/dD4tMrkMoGX3ujjfRphaUqv7XQT6BLQ/TxnOHM=
github.com/gitMenv/UEcastoc v0.0.0-20220918154103-a9371b9f5f8f/go.mod h1:QmDyxlZopNnd+1OfjRr0pPLgB/lTamOg8aQyDRa+X/M=
